// !$*UTF8*$!
{
	archiveVersion = 1;
	classes = {
	};
	objectVersion = 46;
	objects = {
/* Begin PBXBuildFile section */
		00E356F31AD99517003FC87E /* BoilerplateTests.m in Sources */ = {isa = PBXBuildFile; fileRef = 00E356F21AD99517003FC87E /* BoilerplateTests.m */; };
		13B07FBC1A68108700A75B9A /* AppDelegate.m in Sources */ = {isa = PBXBuildFile; fileRef = 13B07FB01A68108700A75B9A /* AppDelegate.m */; };
		13B07FBD1A68108700A75B9A /* LaunchScreen.xib in Resources */ = {isa = PBXBuildFile; fileRef = 13B07FB11A68108700A75B9A /* LaunchScreen.xib */; };
		13B07FBF1A68108700A75B9A /* Images.xcassets in Resources */ = {isa = PBXBuildFile; fileRef = 13B07FB51A68108700A75B9A /* Images.xcassets */; };
		13B07FC11A68108700A75B9A /* main.m in Sources */ = {isa = PBXBuildFile; fileRef = 13B07FB71A68108700A75B9A /* main.m */; };
		180E8F10109AAC0F6C4AE8A5 /* libPods-Boilerplate-tvOS.a in Frameworks */ = {isa = PBXBuildFile; fileRef = 46C2C6D1905A57358D15545F /* libPods-Boilerplate-tvOS.a */; };
		298566B4182437FDC9416AAA /* libPods-Boilerplate.a in Frameworks */ = {isa = PBXBuildFile; fileRef = EDD0398590D8F93705C82ABE /* libPods-Boilerplate.a */; };
		2D02E4BC1E0B4A80006451C7 /* AppDelegate.m in Sources */ = {isa = PBXBuildFile; fileRef = 13B07FB01A68108700A75B9A /* AppDelegate.m */; };
		2D02E4BD1E0B4A84006451C7 /* Images.xcassets in Resources */ = {isa = PBXBuildFile; fileRef = 13B07FB51A68108700A75B9A /* Images.xcassets */; };
		2D02E4BF1E0B4AB3006451C7 /* main.m in Sources */ = {isa = PBXBuildFile; fileRef = 13B07FB71A68108700A75B9A /* main.m */; };
		2D16E6881FA4F8E400B85C8A /* libReact.a in Frameworks */ = {isa = PBXBuildFile; fileRef = 2D16E6891FA4F8E400B85C8A /* libReact.a */; };
		2DCD954D1E0B4F2C00145EB5 /* BoilerplateTests.m in Sources */ = {isa = PBXBuildFile; fileRef = 00E356F21AD99517003FC87E /* BoilerplateTests.m */; };
		4DAB87E83FB0F8E413EA3C28 /* libPods-Boilerplate-tvOSTests.a in Frameworks */ = {isa = PBXBuildFile; fileRef = 262FB68990FABB4B74A57DD9 /* libPods-Boilerplate-tvOSTests.a */; };
		63C37E8B2AC542F6BC4A8877 /* libRNGestureHandler-tvOS.a in Frameworks */ = {isa = PBXBuildFile; fileRef = EB604BAD56CE40729982F1CB /* libRNGestureHandler-tvOS.a */; };
		9B5170A1E2968F671F086D1D /* libPods-BoilerplateTests.a in Frameworks */ = {isa = PBXBuildFile; fileRef = 5329D520C5178EF1D2E66068 /* libPods-BoilerplateTests.a */; };
		BEDAA4C29F2A455594DDC00A /* libRNGestureHandler.a in Frameworks */ = {isa = PBXBuildFile; fileRef = 7ECFD547ABDD40A8941F8AC8 /* libRNGestureHandler.a */; };
		ED297163215061F000B7C4FE /* JavaScriptCore.framework in Frameworks */ = {isa = PBXBuildFile; fileRef = ED297162215061F000B7C4FE /* JavaScriptCore.framework */; };
		ED2971652150620600B7C4FE /* JavaScriptCore.framework in Frameworks */ = {isa = PBXBuildFile; fileRef = ED2971642150620600B7C4FE /* JavaScriptCore.framework */; };
		7A7A2F120C4E405DA05FFF1C /* Nunito-Black.ttf in Resources */ = {isa = PBXBuildFile; fileRef = 97515C4C23E445BA81059512 /* Nunito-Black.ttf */; };
		356F72CC153746C49FA11FDD /* Nunito-BlackItalic.ttf in Resources */ = {isa = PBXBuildFile; fileRef = 38ECD468330341CE9AFCC8F6 /* Nunito-BlackItalic.ttf */; };
		DDB4CCAA8EDF4719B43AD52B /* Nunito-Bold.ttf in Resources */ = {isa = PBXBuildFile; fileRef = 9333AE47A64143C3AA6C55D9 /* Nunito-Bold.ttf */; };
		A421BD4339DB4E0C8D6D0650 /* Nunito-BoldItalic.ttf in Resources */ = {isa = PBXBuildFile; fileRef = EBD9390DE72D4BC09F961F16 /* Nunito-BoldItalic.ttf */; };
		4834D2E64B4D4958B0140FAD /* Nunito-ExtraBold.ttf in Resources */ = {isa = PBXBuildFile; fileRef = 25EF02B0428F47C2B47137AE /* Nunito-ExtraBold.ttf */; };
		0FFEE54BCD1243C6985EFABF /* Nunito-ExtraBoldItalic.ttf in Resources */ = {isa = PBXBuildFile; fileRef = 08B97CF0550B478BB6892B8C /* Nunito-ExtraBoldItalic.ttf */; };
		6406A8263CBB461495F21401 /* Nunito-ExtraLight.ttf in Resources */ = {isa = PBXBuildFile; fileRef = F8839E85A416492A9AB33774 /* Nunito-ExtraLight.ttf */; };
		737679A08B924D5D9115E7B2 /* Nunito-ExtraLightItalic.ttf in Resources */ = {isa = PBXBuildFile; fileRef = EA6D809363F2454AAB52A76F /* Nunito-ExtraLightItalic.ttf */; };
		D0AB6050D5F6410EAAA9B621 /* Nunito-Italic.ttf in Resources */ = {isa = PBXBuildFile; fileRef = 3901067E3B5C41E4A29746B5 /* Nunito-Italic.ttf */; };
		1B5A5A49EF4B4DBD8039AFDE /* Nunito-Light.ttf in Resources */ = {isa = PBXBuildFile; fileRef = 542E23FD025944D3A04080C1 /* Nunito-Light.ttf */; };
		9010D94459124ACE9AE765EF /* Nunito-LightItalic.ttf in Resources */ = {isa = PBXBuildFile; fileRef = F573AB9D7FC14DD287F78204 /* Nunito-LightItalic.ttf */; };
		D3B3480B067C4DD3BDADF81D /* Nunito-Regular.ttf in Resources */ = {isa = PBXBuildFile; fileRef = 98FF36CE0ED74A408736B3F4 /* Nunito-Regular.ttf */; };
		D0BDC56C75C14B6ABE782CE0 /* Nunito-SemiBold.ttf in Resources */ = {isa = PBXBuildFile; fileRef = 67B11508EB644EB49F2F827A /* Nunito-SemiBold.ttf */; };
		4C168A1DC5EB4116958DCB1C /* Nunito-SemiBoldItalic.ttf in Resources */ = {isa = PBXBuildFile; fileRef = 9250B6EC337E4843B288CBEF /* Nunito-SemiBoldItalic.ttf */; };
		67ECF8D42A3846FD80CAD19B /* NunitoSans-Black.ttf in Resources */ = {isa = PBXBuildFile; fileRef = 7FA99FA68AD944C6BC55B6C4 /* NunitoSans-Black.ttf */; };
		1ADC223696854D918510E0D1 /* NunitoSans-BlackItalic.ttf in Resources */ = {isa = PBXBuildFile; fileRef = AD465E511FDB4E3C9B3FCD90 /* NunitoSans-BlackItalic.ttf */; };
		9F7349C99C9F4B639440905C /* NunitoSans-Bold.ttf in Resources */ = {isa = PBXBuildFile; fileRef = 3EE03608F54A4289ADDB5853 /* NunitoSans-Bold.ttf */; };
		A5F49756D5D244AB95AEE325 /* NunitoSans-BoldItalic.ttf in Resources */ = {isa = PBXBuildFile; fileRef = EBDE54DF7CA94EBF85BFD719 /* NunitoSans-BoldItalic.ttf */; };
		9C941C9E3D264DF299E4B10A /* NunitoSans-ExtraBold.ttf in Resources */ = {isa = PBXBuildFile; fileRef = 218A06944AAB4E71BFAEB31B /* NunitoSans-ExtraBold.ttf */; };
		ED0660F9A2564ECA897AE720 /* NunitoSans-ExtraBoldItalic.ttf in Resources */ = {isa = PBXBuildFile; fileRef = 7D627E7C42DB40F3A77A50B7 /* NunitoSans-ExtraBoldItalic.ttf */; };
		ECC3085AA66F4BD5A0B00CF6 /* NunitoSans-ExtraLight.ttf in Resources */ = {isa = PBXBuildFile; fileRef = 0C31E3461FF9498086D0A9F2 /* NunitoSans-ExtraLight.ttf */; };
		4F3A6F01C47848329F4D2FCC /* NunitoSans-ExtraLightItalic.ttf in Resources */ = {isa = PBXBuildFile; fileRef = 058B699A2ABB4984A557BC76 /* NunitoSans-ExtraLightItalic.ttf */; };
		5E5A46D9EBCF4C4E9EFF9050 /* NunitoSans-Italic.ttf in Resources */ = {isa = PBXBuildFile; fileRef = 20EE536EEF034963BC09155A /* NunitoSans-Italic.ttf */; };
		7FAD4723925645169CE00D63 /* NunitoSans-Light.ttf in Resources */ = {isa = PBXBuildFile; fileRef = 6F956E3722B4434981EC92C8 /* NunitoSans-Light.ttf */; };
		356E9197C01A47AF9F980DAF /* NunitoSans-LightItalic.ttf in Resources */ = {isa = PBXBuildFile; fileRef = 103FA6A255E74B2282258F0E /* NunitoSans-LightItalic.ttf */; };
		866FAAB6B02446C78BAAFCCB /* NunitoSans-Regular.ttf in Resources */ = {isa = PBXBuildFile; fileRef = A03C6DDEA95D41D7B2882E88 /* NunitoSans-Regular.ttf */; };
		1E018B9781A344209185EA27 /* NunitoSans-SemiBold.ttf in Resources */ = {isa = PBXBuildFile; fileRef = CBDB4DC600F1476097676C45 /* NunitoSans-SemiBold.ttf */; };
		3A34B14A480B48EC8BF1F198 /* NunitoSans-SemiBoldItalic.ttf in Resources */ = {isa = PBXBuildFile; fileRef = E369BCF20A45408F9D273C34 /* NunitoSans-SemiBoldItalic.ttf */; };
		0A22A88F65014EA4922E7374 /* AntDesign.ttf in Resources */ = {isa = PBXBuildFile; fileRef = C21D91123E1F414294EE2858 /* AntDesign.ttf */; };
		C18D456C33C544B99D49F80B /* Entypo.ttf in Resources */ = {isa = PBXBuildFile; fileRef = 357233DB726C454E84C8EA72 /* Entypo.ttf */; };
		E4E3E2AFDE864ED8A689C528 /* EvilIcons.ttf in Resources */ = {isa = PBXBuildFile; fileRef = 2DC23B3E2E264B2AAA7EEA49 /* EvilIcons.ttf */; };
		95C2A1DA384D4131993AD3D6 /* Feather.ttf in Resources */ = {isa = PBXBuildFile; fileRef = B2845F71439E45CBBBD388C4 /* Feather.ttf */; };
		58D1E0CA0ADC4184ABB8A052 /* FontAwesome.ttf in Resources */ = {isa = PBXBuildFile; fileRef = 93BC9190CBE54C78AD151E5F /* FontAwesome.ttf */; };
		D98CED6259074C659DDCC40B /* FontAwesome5_Brands.ttf in Resources */ = {isa = PBXBuildFile; fileRef = 7BD961B5615445D9B2B76879 /* FontAwesome5_Brands.ttf */; };
		CF5502FA021842E0BF7D9D8B /* FontAwesome5_Regular.ttf in Resources */ = {isa = PBXBuildFile; fileRef = 9EE60DD589B14D0E9FD91DC1 /* FontAwesome5_Regular.ttf */; };
		D400F9F0D6734B108C157696 /* FontAwesome5_Solid.ttf in Resources */ = {isa = PBXBuildFile; fileRef = 4DA5D9CF8D934D3580B99095 /* FontAwesome5_Solid.ttf */; };
		BCC53088FDD644868FDB716A /* Fontisto.ttf in Resources */ = {isa = PBXBuildFile; fileRef = A7307B2B1E3B4154AB2803A5 /* Fontisto.ttf */; };
		583D60C40D754F088B84FEE5 /* Foundation.ttf in Resources */ = {isa = PBXBuildFile; fileRef = 9DB2434B6C264059AC9B5DBE /* Foundation.ttf */; };
		754D0A97A76344BC9988A80A /* Ionicons.ttf in Resources */ = {isa = PBXBuildFile; fileRef = FB79077710A64D19B58014C3 /* Ionicons.ttf */; };
		345B99E277CE4FE5AD7BBD15 /* MaterialCommunityIcons.ttf in Resources */ = {isa = PBXBuildFile; fileRef = 69228AE881C441D1B20F99EA /* MaterialCommunityIcons.ttf */; };
		8C5D9810608E467B9C697068 /* MaterialIcons.ttf in Resources */ = {isa = PBXBuildFile; fileRef = 1B431AA7D77D4BF59BC7C37C /* MaterialIcons.ttf */; };
		DA6FD8793FB240BF8776B795 /* Octicons.ttf in Resources */ = {isa = PBXBuildFile; fileRef = 0E967B8B19F34407A498AA6F /* Octicons.ttf */; };
		43ACD41F68F5479EA5D170C9 /* SimpleLineIcons.ttf in Resources */ = {isa = PBXBuildFile; fileRef = B3AB63A694D846229E688CC9 /* SimpleLineIcons.ttf */; };
		2DFD701F18E54202ADFD5DE5 /* Zocial.ttf in Resources */ = {isa = PBXBuildFile; fileRef = 35A8509EAA7E444AA70E6949 /* Zocial.ttf */; };
/* End PBXBuildFile section */

/* Begin PBXContainerItemProxy section */
		00E356F41AD99517003FC87E /* PBXContainerItemProxy */ = {
			isa = PBXContainerItemProxy;
			containerPortal = 83CBB9F71A601CBA00E9B192 /* Project object */;
			proxyType = 1;
			remoteGlobalIDString = 13B07F861A680F5B00A75B9A;
			remoteInfo = Boilerplate;
		};
		2D02E4911E0B4A5D006451C7 /* PBXContainerItemProxy */ = {
			isa = PBXContainerItemProxy;
			containerPortal = 83CBB9F71A601CBA00E9B192 /* Project object */;
			proxyType = 1;
			remoteGlobalIDString = 2D02E47A1E0B4A5D006451C7;
			remoteInfo = "Boilerplate-tvOS";
		};
/* End PBXContainerItemProxy section */

/* Begin PBXFileReference section */
		0048B5962F042D541D140586 /* Pods-Boilerplate-tvOSTests.release.xcconfig */ = {isa = PBXFileReference; includeInIndex = 1; lastKnownFileType = text.xcconfig; name = "Pods-Boilerplate-tvOSTests.release.xcconfig"; path = "Target Support Files/Pods-Boilerplate-tvOSTests/Pods-Boilerplate-tvOSTests.release.xcconfig"; sourceTree = "<group>"; };
		008F07F21AC5B25A0029DE68 /* main.jsbundle */ = {isa = PBXFileReference; fileEncoding = 4; lastKnownFileType = text; path = main.jsbundle; sourceTree = "<group>"; };
		00E356EE1AD99517003FC87E /* BoilerplateTests.xctest */ = {isa = PBXFileReference; explicitFileType = wrapper.cfbundle; includeInIndex = 0; path = BoilerplateTests.xctest; sourceTree = BUILT_PRODUCTS_DIR; };
		00E356F11AD99517003FC87E /* Info.plist */ = {isa = PBXFileReference; lastKnownFileType = text.plist.xml; path = Info.plist; sourceTree = "<group>"; };
		00E356F21AD99517003FC87E /* BoilerplateTests.m */ = {isa = PBXFileReference; lastKnownFileType = sourcecode.c.objc; path = BoilerplateTests.m; sourceTree = "<group>"; };
		13B07F961A680F5B00A75B9A /* Boilerplate.app */ = {isa = PBXFileReference; explicitFileType = wrapper.application; includeInIndex = 0; path = Boilerplate.app; sourceTree = BUILT_PRODUCTS_DIR; };
		13B07FAF1A68108700A75B9A /* AppDelegate.h */ = {isa = PBXFileReference; fileEncoding = 4; lastKnownFileType = sourcecode.c.h; name = AppDelegate.h; path = Boilerplate/AppDelegate.h; sourceTree = "<group>"; };
		13B07FB01A68108700A75B9A /* AppDelegate.m */ = {isa = PBXFileReference; fileEncoding = 4; lastKnownFileType = sourcecode.c.objc; name = AppDelegate.m; path = Boilerplate/AppDelegate.m; sourceTree = "<group>"; };
		13B07FB21A68108700A75B9A /* Base */ = {isa = PBXFileReference; lastKnownFileType = file.xib; name = Base; path = Base.lproj/LaunchScreen.xib; sourceTree = "<group>"; };
		13B07FB51A68108700A75B9A /* Images.xcassets */ = {isa = PBXFileReference; lastKnownFileType = folder.assetcatalog; name = Images.xcassets; path = Boilerplate/Images.xcassets; sourceTree = "<group>"; };
		13B07FB61A68108700A75B9A /* Info.plist */ = {isa = PBXFileReference; fileEncoding = 4; lastKnownFileType = text.plist.xml; name = Info.plist; path = Boilerplate/Info.plist; sourceTree = "<group>"; };
		13B07FB71A68108700A75B9A /* main.m */ = {isa = PBXFileReference; fileEncoding = 4; lastKnownFileType = sourcecode.c.objc; name = main.m; path = Boilerplate/main.m; sourceTree = "<group>"; };
		262FB68990FABB4B74A57DD9 /* libPods-Boilerplate-tvOSTests.a */ = {isa = PBXFileReference; explicitFileType = archive.ar; includeInIndex = 0; path = "libPods-Boilerplate-tvOSTests.a"; sourceTree = BUILT_PRODUCTS_DIR; };
		2D02E47B1E0B4A5D006451C7 /* Boilerplate-tvOS.app */ = {isa = PBXFileReference; explicitFileType = wrapper.application; includeInIndex = 0; path = "Boilerplate-tvOS.app"; sourceTree = BUILT_PRODUCTS_DIR; };
		2D02E4901E0B4A5D006451C7 /* Boilerplate-tvOSTests.xctest */ = {isa = PBXFileReference; explicitFileType = wrapper.cfbundle; includeInIndex = 0; path = "Boilerplate-tvOSTests.xctest"; sourceTree = BUILT_PRODUCTS_DIR; };
		2D16E6891FA4F8E400B85C8A /* libReact.a */ = {isa = PBXFileReference; explicitFileType = archive.ar; path = libReact.a; sourceTree = BUILT_PRODUCTS_DIR; };
		34E316EC11926A316EADC97C /* Pods-Boilerplate-tvOS.release.xcconfig */ = {isa = PBXFileReference; includeInIndex = 1; lastKnownFileType = text.xcconfig; name = "Pods-Boilerplate-tvOS.release.xcconfig"; path = "Target Support Files/Pods-Boilerplate-tvOS/Pods-Boilerplate-tvOS.release.xcconfig"; sourceTree = "<group>"; };
		392317E8F372604E55971F70 /* Pods-BoilerplateTests.release.xcconfig */ = {isa = PBXFileReference; includeInIndex = 1; lastKnownFileType = text.xcconfig; name = "Pods-BoilerplateTests.release.xcconfig"; path = "Target Support Files/Pods-BoilerplateTests/Pods-BoilerplateTests.release.xcconfig"; sourceTree = "<group>"; };
		46C2C6D1905A57358D15545F /* libPods-Boilerplate-tvOS.a */ = {isa = PBXFileReference; explicitFileType = archive.ar; includeInIndex = 0; path = "libPods-Boilerplate-tvOS.a"; sourceTree = BUILT_PRODUCTS_DIR; };
		5329D520C5178EF1D2E66068 /* libPods-BoilerplateTests.a */ = {isa = PBXFileReference; explicitFileType = archive.ar; includeInIndex = 0; path = "libPods-BoilerplateTests.a"; sourceTree = BUILT_PRODUCTS_DIR; };
		5C3EFA04EABA7989E628AC64 /* Pods-Boilerplate-tvOSTests.debug.xcconfig */ = {isa = PBXFileReference; includeInIndex = 1; lastKnownFileType = text.xcconfig; name = "Pods-Boilerplate-tvOSTests.debug.xcconfig"; path = "Target Support Files/Pods-Boilerplate-tvOSTests/Pods-Boilerplate-tvOSTests.debug.xcconfig"; sourceTree = "<group>"; };
		75E936EB1A3002F6A9AB4156 /* Pods-Boilerplate.release.xcconfig */ = {isa = PBXFileReference; includeInIndex = 1; lastKnownFileType = text.xcconfig; name = "Pods-Boilerplate.release.xcconfig"; path = "Target Support Files/Pods-Boilerplate/Pods-Boilerplate.release.xcconfig"; sourceTree = "<group>"; };
		764AD50AC6F939E0A1C08B00 /* Pods-BoilerplateTests.debug.xcconfig */ = {isa = PBXFileReference; includeInIndex = 1; lastKnownFileType = text.xcconfig; name = "Pods-BoilerplateTests.debug.xcconfig"; path = "Target Support Files/Pods-BoilerplateTests/Pods-BoilerplateTests.debug.xcconfig"; sourceTree = "<group>"; };
		7ECFD547ABDD40A8941F8AC8 /* libRNGestureHandler.a */ = {isa = PBXFileReference; explicitFileType = undefined; fileEncoding = 9; includeInIndex = 0; lastKnownFileType = archive.ar; path = libRNGestureHandler.a; sourceTree = "<group>"; };
		B47D75E5D1913E2479AB2B8D /* Pods-Boilerplate.debug.xcconfig */ = {isa = PBXFileReference; includeInIndex = 1; lastKnownFileType = text.xcconfig; name = "Pods-Boilerplate.debug.xcconfig"; path = "Target Support Files/Pods-Boilerplate/Pods-Boilerplate.debug.xcconfig"; sourceTree = "<group>"; };
		EB604BAD56CE40729982F1CB /* libRNGestureHandler-tvOS.a */ = {isa = PBXFileReference; explicitFileType = undefined; fileEncoding = 9; includeInIndex = 0; lastKnownFileType = archive.ar; path = "libRNGestureHandler-tvOS.a"; sourceTree = "<group>"; };
		ED297162215061F000B7C4FE /* JavaScriptCore.framework */ = {isa = PBXFileReference; lastKnownFileType = wrapper.framework; name = JavaScriptCore.framework; path = System/Library/Frameworks/JavaScriptCore.framework; sourceTree = SDKROOT; };
		ED2971642150620600B7C4FE /* JavaScriptCore.framework */ = {isa = PBXFileReference; lastKnownFileType = wrapper.framework; name = JavaScriptCore.framework; path = Platforms/AppleTVOS.platform/Developer/SDKs/AppleTVOS12.0.sdk/System/Library/Frameworks/JavaScriptCore.framework; sourceTree = DEVELOPER_DIR; };
		EDD0398590D8F93705C82ABE /* libPods-Boilerplate.a */ = {isa = PBXFileReference; explicitFileType = archive.ar; includeInIndex = 0; path = "libPods-Boilerplate.a"; sourceTree = BUILT_PRODUCTS_DIR; };
		FB800E05AFB04A97491C501A /* Pods-Boilerplate-tvOS.debug.xcconfig */ = {isa = PBXFileReference; includeInIndex = 1; lastKnownFileType = text.xcconfig; name = "Pods-Boilerplate-tvOS.debug.xcconfig"; path = "Target Support Files/Pods-Boilerplate-tvOS/Pods-Boilerplate-tvOS.debug.xcconfig"; sourceTree = "<group>"; };
		97515C4C23E445BA81059512 /* Nunito-Black.ttf */ = {isa = PBXFileReference; name = "Nunito-Black.ttf"; path = "../App/Assets/Fonts/Nunito-Black.ttf"; sourceTree = "<group>"; fileEncoding = undefined; lastKnownFileType = unknown; explicitFileType = undefined; includeInIndex = 0; };
		38ECD468330341CE9AFCC8F6 /* Nunito-BlackItalic.ttf */ = {isa = PBXFileReference; name = "Nunito-BlackItalic.ttf"; path = "../App/Assets/Fonts/Nunito-BlackItalic.ttf"; sourceTree = "<group>"; fileEncoding = undefined; lastKnownFileType = unknown; explicitFileType = undefined; includeInIndex = 0; };
		9333AE47A64143C3AA6C55D9 /* Nunito-Bold.ttf */ = {isa = PBXFileReference; name = "Nunito-Bold.ttf"; path = "../App/Assets/Fonts/Nunito-Bold.ttf"; sourceTree = "<group>"; fileEncoding = undefined; lastKnownFileType = unknown; explicitFileType = undefined; includeInIndex = 0; };
		EBD9390DE72D4BC09F961F16 /* Nunito-BoldItalic.ttf */ = {isa = PBXFileReference; name = "Nunito-BoldItalic.ttf"; path = "../App/Assets/Fonts/Nunito-BoldItalic.ttf"; sourceTree = "<group>"; fileEncoding = undefined; lastKnownFileType = unknown; explicitFileType = undefined; includeInIndex = 0; };
		25EF02B0428F47C2B47137AE /* Nunito-ExtraBold.ttf */ = {isa = PBXFileReference; name = "Nunito-ExtraBold.ttf"; path = "../App/Assets/Fonts/Nunito-ExtraBold.ttf"; sourceTree = "<group>"; fileEncoding = undefined; lastKnownFileType = unknown; explicitFileType = undefined; includeInIndex = 0; };
		08B97CF0550B478BB6892B8C /* Nunito-ExtraBoldItalic.ttf */ = {isa = PBXFileReference; name = "Nunito-ExtraBoldItalic.ttf"; path = "../App/Assets/Fonts/Nunito-ExtraBoldItalic.ttf"; sourceTree = "<group>"; fileEncoding = undefined; lastKnownFileType = unknown; explicitFileType = undefined; includeInIndex = 0; };
		F8839E85A416492A9AB33774 /* Nunito-ExtraLight.ttf */ = {isa = PBXFileReference; name = "Nunito-ExtraLight.ttf"; path = "../App/Assets/Fonts/Nunito-ExtraLight.ttf"; sourceTree = "<group>"; fileEncoding = undefined; lastKnownFileType = unknown; explicitFileType = undefined; includeInIndex = 0; };
		EA6D809363F2454AAB52A76F /* Nunito-ExtraLightItalic.ttf */ = {isa = PBXFileReference; name = "Nunito-ExtraLightItalic.ttf"; path = "../App/Assets/Fonts/Nunito-ExtraLightItalic.ttf"; sourceTree = "<group>"; fileEncoding = undefined; lastKnownFileType = unknown; explicitFileType = undefined; includeInIndex = 0; };
		3901067E3B5C41E4A29746B5 /* Nunito-Italic.ttf */ = {isa = PBXFileReference; name = "Nunito-Italic.ttf"; path = "../App/Assets/Fonts/Nunito-Italic.ttf"; sourceTree = "<group>"; fileEncoding = undefined; lastKnownFileType = unknown; explicitFileType = undefined; includeInIndex = 0; };
		542E23FD025944D3A04080C1 /* Nunito-Light.ttf */ = {isa = PBXFileReference; name = "Nunito-Light.ttf"; path = "../App/Assets/Fonts/Nunito-Light.ttf"; sourceTree = "<group>"; fileEncoding = undefined; lastKnownFileType = unknown; explicitFileType = undefined; includeInIndex = 0; };
		F573AB9D7FC14DD287F78204 /* Nunito-LightItalic.ttf */ = {isa = PBXFileReference; name = "Nunito-LightItalic.ttf"; path = "../App/Assets/Fonts/Nunito-LightItalic.ttf"; sourceTree = "<group>"; fileEncoding = undefined; lastKnownFileType = unknown; explicitFileType = undefined; includeInIndex = 0; };
		98FF36CE0ED74A408736B3F4 /* Nunito-Regular.ttf */ = {isa = PBXFileReference; name = "Nunito-Regular.ttf"; path = "../App/Assets/Fonts/Nunito-Regular.ttf"; sourceTree = "<group>"; fileEncoding = undefined; lastKnownFileType = unknown; explicitFileType = undefined; includeInIndex = 0; };
		67B11508EB644EB49F2F827A /* Nunito-SemiBold.ttf */ = {isa = PBXFileReference; name = "Nunito-SemiBold.ttf"; path = "../App/Assets/Fonts/Nunito-SemiBold.ttf"; sourceTree = "<group>"; fileEncoding = undefined; lastKnownFileType = unknown; explicitFileType = undefined; includeInIndex = 0; };
		9250B6EC337E4843B288CBEF /* Nunito-SemiBoldItalic.ttf */ = {isa = PBXFileReference; name = "Nunito-SemiBoldItalic.ttf"; path = "../App/Assets/Fonts/Nunito-SemiBoldItalic.ttf"; sourceTree = "<group>"; fileEncoding = undefined; lastKnownFileType = unknown; explicitFileType = undefined; includeInIndex = 0; };
		7FA99FA68AD944C6BC55B6C4 /* NunitoSans-Black.ttf */ = {isa = PBXFileReference; name = "NunitoSans-Black.ttf"; path = "../App/Assets/Fonts/NunitoSans-Black.ttf"; sourceTree = "<group>"; fileEncoding = undefined; lastKnownFileType = unknown; explicitFileType = undefined; includeInIndex = 0; };
		AD465E511FDB4E3C9B3FCD90 /* NunitoSans-BlackItalic.ttf */ = {isa = PBXFileReference; name = "NunitoSans-BlackItalic.ttf"; path = "../App/Assets/Fonts/NunitoSans-BlackItalic.ttf"; sourceTree = "<group>"; fileEncoding = undefined; lastKnownFileType = unknown; explicitFileType = undefined; includeInIndex = 0; };
		3EE03608F54A4289ADDB5853 /* NunitoSans-Bold.ttf */ = {isa = PBXFileReference; name = "NunitoSans-Bold.ttf"; path = "../App/Assets/Fonts/NunitoSans-Bold.ttf"; sourceTree = "<group>"; fileEncoding = undefined; lastKnownFileType = unknown; explicitFileType = undefined; includeInIndex = 0; };
		EBDE54DF7CA94EBF85BFD719 /* NunitoSans-BoldItalic.ttf */ = {isa = PBXFileReference; name = "NunitoSans-BoldItalic.ttf"; path = "../App/Assets/Fonts/NunitoSans-BoldItalic.ttf"; sourceTree = "<group>"; fileEncoding = undefined; lastKnownFileType = unknown; explicitFileType = undefined; includeInIndex = 0; };
		218A06944AAB4E71BFAEB31B /* NunitoSans-ExtraBold.ttf */ = {isa = PBXFileReference; name = "NunitoSans-ExtraBold.ttf"; path = "../App/Assets/Fonts/NunitoSans-ExtraBold.ttf"; sourceTree = "<group>"; fileEncoding = undefined; lastKnownFileType = unknown; explicitFileType = undefined; includeInIndex = 0; };
		7D627E7C42DB40F3A77A50B7 /* NunitoSans-ExtraBoldItalic.ttf */ = {isa = PBXFileReference; name = "NunitoSans-ExtraBoldItalic.ttf"; path = "../App/Assets/Fonts/NunitoSans-ExtraBoldItalic.ttf"; sourceTree = "<group>"; fileEncoding = undefined; lastKnownFileType = unknown; explicitFileType = undefined; includeInIndex = 0; };
		0C31E3461FF9498086D0A9F2 /* NunitoSans-ExtraLight.ttf */ = {isa = PBXFileReference; name = "NunitoSans-ExtraLight.ttf"; path = "../App/Assets/Fonts/NunitoSans-ExtraLight.ttf"; sourceTree = "<group>"; fileEncoding = undefined; lastKnownFileType = unknown; explicitFileType = undefined; includeInIndex = 0; };
		058B699A2ABB4984A557BC76 /* NunitoSans-ExtraLightItalic.ttf */ = {isa = PBXFileReference; name = "NunitoSans-ExtraLightItalic.ttf"; path = "../App/Assets/Fonts/NunitoSans-ExtraLightItalic.ttf"; sourceTree = "<group>"; fileEncoding = undefined; lastKnownFileType = unknown; explicitFileType = undefined; includeInIndex = 0; };
		20EE536EEF034963BC09155A /* NunitoSans-Italic.ttf */ = {isa = PBXFileReference; name = "NunitoSans-Italic.ttf"; path = "../App/Assets/Fonts/NunitoSans-Italic.ttf"; sourceTree = "<group>"; fileEncoding = undefined; lastKnownFileType = unknown; explicitFileType = undefined; includeInIndex = 0; };
		6F956E3722B4434981EC92C8 /* NunitoSans-Light.ttf */ = {isa = PBXFileReference; name = "NunitoSans-Light.ttf"; path = "../App/Assets/Fonts/NunitoSans-Light.ttf"; sourceTree = "<group>"; fileEncoding = undefined; lastKnownFileType = unknown; explicitFileType = undefined; includeInIndex = 0; };
		103FA6A255E74B2282258F0E /* NunitoSans-LightItalic.ttf */ = {isa = PBXFileReference; name = "NunitoSans-LightItalic.ttf"; path = "../App/Assets/Fonts/NunitoSans-LightItalic.ttf"; sourceTree = "<group>"; fileEncoding = undefined; lastKnownFileType = unknown; explicitFileType = undefined; includeInIndex = 0; };
		A03C6DDEA95D41D7B2882E88 /* NunitoSans-Regular.ttf */ = {isa = PBXFileReference; name = "NunitoSans-Regular.ttf"; path = "../App/Assets/Fonts/NunitoSans-Regular.ttf"; sourceTree = "<group>"; fileEncoding = undefined; lastKnownFileType = unknown; explicitFileType = undefined; includeInIndex = 0; };
		CBDB4DC600F1476097676C45 /* NunitoSans-SemiBold.ttf */ = {isa = PBXFileReference; name = "NunitoSans-SemiBold.ttf"; path = "../App/Assets/Fonts/NunitoSans-SemiBold.ttf"; sourceTree = "<group>"; fileEncoding = undefined; lastKnownFileType = unknown; explicitFileType = undefined; includeInIndex = 0; };
		E369BCF20A45408F9D273C34 /* NunitoSans-SemiBoldItalic.ttf */ = {isa = PBXFileReference; name = "NunitoSans-SemiBoldItalic.ttf"; path = "../App/Assets/Fonts/NunitoSans-SemiBoldItalic.ttf"; sourceTree = "<group>"; fileEncoding = undefined; lastKnownFileType = unknown; explicitFileType = undefined; includeInIndex = 0; };
		C21D91123E1F414294EE2858 /* AntDesign.ttf */ = {isa = PBXFileReference; name = "AntDesign.ttf"; path = "../node_modules/react-native-vector-icons/Fonts/AntDesign.ttf"; sourceTree = "<group>"; fileEncoding = undefined; lastKnownFileType = unknown; explicitFileType = undefined; includeInIndex = 0; };
		357233DB726C454E84C8EA72 /* Entypo.ttf */ = {isa = PBXFileReference; name = "Entypo.ttf"; path = "../node_modules/react-native-vector-icons/Fonts/Entypo.ttf"; sourceTree = "<group>"; fileEncoding = undefined; lastKnownFileType = unknown; explicitFileType = undefined; includeInIndex = 0; };
		2DC23B3E2E264B2AAA7EEA49 /* EvilIcons.ttf */ = {isa = PBXFileReference; name = "EvilIcons.ttf"; path = "../node_modules/react-native-vector-icons/Fonts/EvilIcons.ttf"; sourceTree = "<group>"; fileEncoding = undefined; lastKnownFileType = unknown; explicitFileType = undefined; includeInIndex = 0; };
		B2845F71439E45CBBBD388C4 /* Feather.ttf */ = {isa = PBXFileReference; name = "Feather.ttf"; path = "../node_modules/react-native-vector-icons/Fonts/Feather.ttf"; sourceTree = "<group>"; fileEncoding = undefined; lastKnownFileType = unknown; explicitFileType = undefined; includeInIndex = 0; };
		93BC9190CBE54C78AD151E5F /* FontAwesome.ttf */ = {isa = PBXFileReference; name = "FontAwesome.ttf"; path = "../node_modules/react-native-vector-icons/Fonts/FontAwesome.ttf"; sourceTree = "<group>"; fileEncoding = undefined; lastKnownFileType = unknown; explicitFileType = undefined; includeInIndex = 0; };
		7BD961B5615445D9B2B76879 /* FontAwesome5_Brands.ttf */ = {isa = PBXFileReference; name = "FontAwesome5_Brands.ttf"; path = "../node_modules/react-native-vector-icons/Fonts/FontAwesome5_Brands.ttf"; sourceTree = "<group>"; fileEncoding = undefined; lastKnownFileType = unknown; explicitFileType = undefined; includeInIndex = 0; };
		9EE60DD589B14D0E9FD91DC1 /* FontAwesome5_Regular.ttf */ = {isa = PBXFileReference; name = "FontAwesome5_Regular.ttf"; path = "../node_modules/react-native-vector-icons/Fonts/FontAwesome5_Regular.ttf"; sourceTree = "<group>"; fileEncoding = undefined; lastKnownFileType = unknown; explicitFileType = undefined; includeInIndex = 0; };
		4DA5D9CF8D934D3580B99095 /* FontAwesome5_Solid.ttf */ = {isa = PBXFileReference; name = "FontAwesome5_Solid.ttf"; path = "../node_modules/react-native-vector-icons/Fonts/FontAwesome5_Solid.ttf"; sourceTree = "<group>"; fileEncoding = undefined; lastKnownFileType = unknown; explicitFileType = undefined; includeInIndex = 0; };
		A7307B2B1E3B4154AB2803A5 /* Fontisto.ttf */ = {isa = PBXFileReference; name = "Fontisto.ttf"; path = "../node_modules/react-native-vector-icons/Fonts/Fontisto.ttf"; sourceTree = "<group>"; fileEncoding = undefined; lastKnownFileType = unknown; explicitFileType = undefined; includeInIndex = 0; };
		9DB2434B6C264059AC9B5DBE /* Foundation.ttf */ = {isa = PBXFileReference; name = "Foundation.ttf"; path = "../node_modules/react-native-vector-icons/Fonts/Foundation.ttf"; sourceTree = "<group>"; fileEncoding = undefined; lastKnownFileType = unknown; explicitFileType = undefined; includeInIndex = 0; };
		FB79077710A64D19B58014C3 /* Ionicons.ttf */ = {isa = PBXFileReference; name = "Ionicons.ttf"; path = "../node_modules/react-native-vector-icons/Fonts/Ionicons.ttf"; sourceTree = "<group>"; fileEncoding = undefined; lastKnownFileType = unknown; explicitFileType = undefined; includeInIndex = 0; };
		69228AE881C441D1B20F99EA /* MaterialCommunityIcons.ttf */ = {isa = PBXFileReference; name = "MaterialCommunityIcons.ttf"; path = "../node_modules/react-native-vector-icons/Fonts/MaterialCommunityIcons.ttf"; sourceTree = "<group>"; fileEncoding = undefined; lastKnownFileType = unknown; explicitFileType = undefined; includeInIndex = 0; };
		1B431AA7D77D4BF59BC7C37C /* MaterialIcons.ttf */ = {isa = PBXFileReference; name = "MaterialIcons.ttf"; path = "../node_modules/react-native-vector-icons/Fonts/MaterialIcons.ttf"; sourceTree = "<group>"; fileEncoding = undefined; lastKnownFileType = unknown; explicitFileType = undefined; includeInIndex = 0; };
		0E967B8B19F34407A498AA6F /* Octicons.ttf */ = {isa = PBXFileReference; name = "Octicons.ttf"; path = "../node_modules/react-native-vector-icons/Fonts/Octicons.ttf"; sourceTree = "<group>"; fileEncoding = undefined; lastKnownFileType = unknown; explicitFileType = undefined; includeInIndex = 0; };
		B3AB63A694D846229E688CC9 /* SimpleLineIcons.ttf */ = {isa = PBXFileReference; name = "SimpleLineIcons.ttf"; path = "../node_modules/react-native-vector-icons/Fonts/SimpleLineIcons.ttf"; sourceTree = "<group>"; fileEncoding = undefined; lastKnownFileType = unknown; explicitFileType = undefined; includeInIndex = 0; };
		35A8509EAA7E444AA70E6949 /* Zocial.ttf */ = {isa = PBXFileReference; name = "Zocial.ttf"; path = "../node_modules/react-native-vector-icons/Fonts/Zocial.ttf"; sourceTree = "<group>"; fileEncoding = undefined; lastKnownFileType = unknown; explicitFileType = undefined; includeInIndex = 0; };
/* End PBXFileReference section */

/* Begin PBXFrameworksBuildPhase section */
		00E356EB1AD99517003FC87E /* Frameworks */ = {
			isa = PBXFrameworksBuildPhase;
			buildActionMask = 2147483647;
			files = (
				9B5170A1E2968F671F086D1D /* libPods-BoilerplateTests.a in Frameworks */,
			);
			runOnlyForDeploymentPostprocessing = 0;
		};
		13B07F8C1A680F5B00A75B9A /* Frameworks */ = {
			isa = PBXFrameworksBuildPhase;
			buildActionMask = 2147483647;
			files = (
				ED297163215061F000B7C4FE /* JavaScriptCore.framework in Frameworks */,
				BEDAA4C29F2A455594DDC00A /* libRNGestureHandler.a in Frameworks */,
				298566B4182437FDC9416AAA /* libPods-Boilerplate.a in Frameworks */,
			);
			runOnlyForDeploymentPostprocessing = 0;
		};
		2D02E4781E0B4A5D006451C7 /* Frameworks */ = {
			isa = PBXFrameworksBuildPhase;
			buildActionMask = 2147483647;
			files = (
				ED2971652150620600B7C4FE /* JavaScriptCore.framework in Frameworks */,
				2D16E6881FA4F8E400B85C8A /* libReact.a in Frameworks */,
				63C37E8B2AC542F6BC4A8877 /* libRNGestureHandler-tvOS.a in Frameworks */,
				180E8F10109AAC0F6C4AE8A5 /* libPods-Boilerplate-tvOS.a in Frameworks */,
			);
			runOnlyForDeploymentPostprocessing = 0;
		};
		2D02E48D1E0B4A5D006451C7 /* Frameworks */ = {
			isa = PBXFrameworksBuildPhase;
			buildActionMask = 2147483647;
			files = (
				4DAB87E83FB0F8E413EA3C28 /* libPods-Boilerplate-tvOSTests.a in Frameworks */,
			);
			runOnlyForDeploymentPostprocessing = 0;
		};
/* End PBXFrameworksBuildPhase section */

/* Begin PBXGroup section */
		00E356EF1AD99517003FC87E /* BoilerplateTests */ = {
			isa = PBXGroup;
			children = (
				00E356F21AD99517003FC87E /* BoilerplateTests.m */,
				00E356F01AD99517003FC87E /* Supporting Files */,
			);
			path = BoilerplateTests;
			sourceTree = "<group>";
		};
		00E356F01AD99517003FC87E /* Supporting Files */ = {
			isa = PBXGroup;
			children = (
				00E356F11AD99517003FC87E /* Info.plist */,
			);
			name = "Supporting Files";
			sourceTree = "<group>";
		};
		0476B6D92256026C006BDB17 /* Recovered References */ = {
			isa = PBXGroup;
			children = (
				7ECFD547ABDD40A8941F8AC8 /* libRNGestureHandler.a */,
				EB604BAD56CE40729982F1CB /* libRNGestureHandler-tvOS.a */,
			);
			name = "Recovered References";
			sourceTree = "<group>";
		};
		13B07FAE1A68108700A75B9A /* Boilerplate */ = {
			isa = PBXGroup;
			children = (
				008F07F21AC5B25A0029DE68 /* main.jsbundle */,
				13B07FAF1A68108700A75B9A /* AppDelegate.h */,
				13B07FB01A68108700A75B9A /* AppDelegate.m */,
				13B07FB51A68108700A75B9A /* Images.xcassets */,
				13B07FB61A68108700A75B9A /* Info.plist */,
				13B07FB11A68108700A75B9A /* LaunchScreen.xib */,
				13B07FB71A68108700A75B9A /* main.m */,
			);
			name = Boilerplate;
			sourceTree = "<group>";
		};
		2D16E6871FA4F8E400B85C8A /* Frameworks */ = {
			isa = PBXGroup;
			children = (
				ED297162215061F000B7C4FE /* JavaScriptCore.framework */,
				ED2971642150620600B7C4FE /* JavaScriptCore.framework */,
				2D16E6891FA4F8E400B85C8A /* libReact.a */,
				EDD0398590D8F93705C82ABE /* libPods-Boilerplate.a */,
				46C2C6D1905A57358D15545F /* libPods-Boilerplate-tvOS.a */,
				262FB68990FABB4B74A57DD9 /* libPods-Boilerplate-tvOSTests.a */,
				5329D520C5178EF1D2E66068 /* libPods-BoilerplateTests.a */,
			);
			name = Frameworks;
			sourceTree = "<group>";
		};
		6B80F6007C5408FEF5BD69DE /* Pods */ = {
			isa = PBXGroup;
			children = (
				B47D75E5D1913E2479AB2B8D /* Pods-Boilerplate.debug.xcconfig */,
				75E936EB1A3002F6A9AB4156 /* Pods-Boilerplate.release.xcconfig */,
				FB800E05AFB04A97491C501A /* Pods-Boilerplate-tvOS.debug.xcconfig */,
				34E316EC11926A316EADC97C /* Pods-Boilerplate-tvOS.release.xcconfig */,
				5C3EFA04EABA7989E628AC64 /* Pods-Boilerplate-tvOSTests.debug.xcconfig */,
				0048B5962F042D541D140586 /* Pods-Boilerplate-tvOSTests.release.xcconfig */,
				764AD50AC6F939E0A1C08B00 /* Pods-BoilerplateTests.debug.xcconfig */,
				392317E8F372604E55971F70 /* Pods-BoilerplateTests.release.xcconfig */,
			);
			path = Pods;
			sourceTree = "<group>";
		};
		832341AE1AAA6A7D00B99B32 /* Libraries */ = {
			isa = PBXGroup;
			children = (
			);
			name = Libraries;
			sourceTree = "<group>";
		};
		83CBB9F61A601CBA00E9B192 = {
			isa = PBXGroup;
			children = (
				13B07FAE1A68108700A75B9A /* Boilerplate */,
				832341AE1AAA6A7D00B99B32 /* Libraries */,
				00E356EF1AD99517003FC87E /* BoilerplateTests */,
				83CBBA001A601CBA00E9B192 /* Products */,
				2D16E6871FA4F8E400B85C8A /* Frameworks */,
				0476B6D92256026C006BDB17 /* Recovered References */,
				6B80F6007C5408FEF5BD69DE /* Pods */,
				EC57E321ABF74B2A9C053B9B /* Resources */,
			);
			indentWidth = 2;
			sourceTree = "<group>";
			tabWidth = 2;
			usesTabs = 0;
		};
		83CBBA001A601CBA00E9B192 /* Products */ = {
			isa = PBXGroup;
			children = (
				13B07F961A680F5B00A75B9A /* Boilerplate.app */,
				00E356EE1AD99517003FC87E /* BoilerplateTests.xctest */,
				2D02E47B1E0B4A5D006451C7 /* Boilerplate-tvOS.app */,
				2D02E4901E0B4A5D006451C7 /* Boilerplate-tvOSTests.xctest */,
			);
			name = Products;
			sourceTree = "<group>";
		};
		EC57E321ABF74B2A9C053B9B /* Resources */ = {
			isa = "PBXGroup";
			children = (
				97515C4C23E445BA81059512 /* Nunito-Black.ttf */,
				38ECD468330341CE9AFCC8F6 /* Nunito-BlackItalic.ttf */,
				9333AE47A64143C3AA6C55D9 /* Nunito-Bold.ttf */,
				EBD9390DE72D4BC09F961F16 /* Nunito-BoldItalic.ttf */,
				25EF02B0428F47C2B47137AE /* Nunito-ExtraBold.ttf */,
				08B97CF0550B478BB6892B8C /* Nunito-ExtraBoldItalic.ttf */,
				F8839E85A416492A9AB33774 /* Nunito-ExtraLight.ttf */,
				EA6D809363F2454AAB52A76F /* Nunito-ExtraLightItalic.ttf */,
				3901067E3B5C41E4A29746B5 /* Nunito-Italic.ttf */,
				542E23FD025944D3A04080C1 /* Nunito-Light.ttf */,
				F573AB9D7FC14DD287F78204 /* Nunito-LightItalic.ttf */,
				98FF36CE0ED74A408736B3F4 /* Nunito-Regular.ttf */,
				67B11508EB644EB49F2F827A /* Nunito-SemiBold.ttf */,
				9250B6EC337E4843B288CBEF /* Nunito-SemiBoldItalic.ttf */,
				7FA99FA68AD944C6BC55B6C4 /* NunitoSans-Black.ttf */,
				AD465E511FDB4E3C9B3FCD90 /* NunitoSans-BlackItalic.ttf */,
				3EE03608F54A4289ADDB5853 /* NunitoSans-Bold.ttf */,
				EBDE54DF7CA94EBF85BFD719 /* NunitoSans-BoldItalic.ttf */,
				218A06944AAB4E71BFAEB31B /* NunitoSans-ExtraBold.ttf */,
				7D627E7C42DB40F3A77A50B7 /* NunitoSans-ExtraBoldItalic.ttf */,
				0C31E3461FF9498086D0A9F2 /* NunitoSans-ExtraLight.ttf */,
				058B699A2ABB4984A557BC76 /* NunitoSans-ExtraLightItalic.ttf */,
				20EE536EEF034963BC09155A /* NunitoSans-Italic.ttf */,
				6F956E3722B4434981EC92C8 /* NunitoSans-Light.ttf */,
				103FA6A255E74B2282258F0E /* NunitoSans-LightItalic.ttf */,
				A03C6DDEA95D41D7B2882E88 /* NunitoSans-Regular.ttf */,
				CBDB4DC600F1476097676C45 /* NunitoSans-SemiBold.ttf */,
				E369BCF20A45408F9D273C34 /* NunitoSans-SemiBoldItalic.ttf */,
				C21D91123E1F414294EE2858 /* AntDesign.ttf */,
				357233DB726C454E84C8EA72 /* Entypo.ttf */,
				2DC23B3E2E264B2AAA7EEA49 /* EvilIcons.ttf */,
				B2845F71439E45CBBBD388C4 /* Feather.ttf */,
				93BC9190CBE54C78AD151E5F /* FontAwesome.ttf */,
				7BD961B5615445D9B2B76879 /* FontAwesome5_Brands.ttf */,
				9EE60DD589B14D0E9FD91DC1 /* FontAwesome5_Regular.ttf */,
				4DA5D9CF8D934D3580B99095 /* FontAwesome5_Solid.ttf */,
				A7307B2B1E3B4154AB2803A5 /* Fontisto.ttf */,
				9DB2434B6C264059AC9B5DBE /* Foundation.ttf */,
				FB79077710A64D19B58014C3 /* Ionicons.ttf */,
				69228AE881C441D1B20F99EA /* MaterialCommunityIcons.ttf */,
				1B431AA7D77D4BF59BC7C37C /* MaterialIcons.ttf */,
				0E967B8B19F34407A498AA6F /* Octicons.ttf */,
				B3AB63A694D846229E688CC9 /* SimpleLineIcons.ttf */,
				35A8509EAA7E444AA70E6949 /* Zocial.ttf */,
			);
			name = Resources;
			sourceTree = "<group>";
			path = "";
		};
/* End PBXGroup section */

/* Begin PBXNativeTarget section */
		00E356ED1AD99517003FC87E /* BoilerplateTests */ = {
			isa = PBXNativeTarget;
			buildConfigurationList = 00E357021AD99517003FC87E /* Build configuration list for PBXNativeTarget "BoilerplateTests" */;
			buildPhases = (
				9484506995FC29A4EE3D00D6 /* [CP] Check Pods Manifest.lock */,
				00E356EA1AD99517003FC87E /* Sources */,
				00E356EB1AD99517003FC87E /* Frameworks */,
				00E356EC1AD99517003FC87E /* Resources */,
			);
			buildRules = (
			);
			dependencies = (
				00E356F51AD99517003FC87E /* PBXTargetDependency */,
			);
			name = BoilerplateTests;
			productName = BoilerplateTests;
			productReference = 00E356EE1AD99517003FC87E /* BoilerplateTests.xctest */;
			productType = "com.apple.product-type.bundle.unit-test";
		};
		13B07F861A680F5B00A75B9A /* Boilerplate */ = {
			isa = PBXNativeTarget;
			buildConfigurationList = 13B07F931A680F5B00A75B9A /* Build configuration list for PBXNativeTarget "Boilerplate" */;
			buildPhases = (
				1876371A241F99EEA27D744C /* [CP] Check Pods Manifest.lock */,
				13B07F871A680F5B00A75B9A /* Sources */,
				13B07F8C1A680F5B00A75B9A /* Frameworks */,
				13B07F8E1A680F5B00A75B9A /* Resources */,
				00DD1BFF1BD5951E006B06BC /* Bundle React Native code and images */,
			);
			buildRules = (
			);
			dependencies = (
			);
			name = Boilerplate;
			productName = "Hello World";
			productReference = 13B07F961A680F5B00A75B9A /* Boilerplate.app */;
			productType = "com.apple.product-type.application";
		};
		2D02E47A1E0B4A5D006451C7 /* Boilerplate-tvOS */ = {
			isa = PBXNativeTarget;
			buildConfigurationList = 2D02E4BA1E0B4A5E006451C7 /* Build configuration list for PBXNativeTarget "Boilerplate-tvOS" */;
			buildPhases = (
				E7187EBD4D89301711758D0B /* [CP] Check Pods Manifest.lock */,
				2D02E4771E0B4A5D006451C7 /* Sources */,
				2D02E4781E0B4A5D006451C7 /* Frameworks */,
				2D02E4791E0B4A5D006451C7 /* Resources */,
				2D02E4CB1E0B4B27006451C7 /* Bundle React Native Code And Images */,
			);
			buildRules = (
			);
			dependencies = (
			);
			name = "Boilerplate-tvOS";
			productName = "Boilerplate-tvOS";
			productReference = 2D02E47B1E0B4A5D006451C7 /* Boilerplate-tvOS.app */;
			productType = "com.apple.product-type.application";
		};
		2D02E48F1E0B4A5D006451C7 /* Boilerplate-tvOSTests */ = {
			isa = PBXNativeTarget;
			buildConfigurationList = 2D02E4BB1E0B4A5E006451C7 /* Build configuration list for PBXNativeTarget "Boilerplate-tvOSTests" */;
			buildPhases = (
				1486E41A1E3086C92FA56BC5 /* [CP] Check Pods Manifest.lock */,
				2D02E48C1E0B4A5D006451C7 /* Sources */,
				2D02E48D1E0B4A5D006451C7 /* Frameworks */,
				2D02E48E1E0B4A5D006451C7 /* Resources */,
			);
			buildRules = (
			);
			dependencies = (
				2D02E4921E0B4A5D006451C7 /* PBXTargetDependency */,
			);
			name = "Boilerplate-tvOSTests";
			productName = "Boilerplate-tvOSTests";
			productReference = 2D02E4901E0B4A5D006451C7 /* Boilerplate-tvOSTests.xctest */;
			productType = "com.apple.product-type.bundle.unit-test";
		};
/* End PBXNativeTarget section */

/* Begin PBXProject section */
		83CBB9F71A601CBA00E9B192 /* Project object */ = {
			isa = PBXProject;
			attributes = {
				LastUpgradeCheck = 940;
				ORGANIZATIONNAME = Facebook;
				TargetAttributes = {
					00E356ED1AD99517003FC87E = {
						CreatedOnToolsVersion = 6.2;
						TestTargetID = 13B07F861A680F5B00A75B9A;
					};
					2D02E47A1E0B4A5D006451C7 = {
						CreatedOnToolsVersion = 8.2.1;
						ProvisioningStyle = Automatic;
					};
					2D02E48F1E0B4A5D006451C7 = {
						CreatedOnToolsVersion = 8.2.1;
						ProvisioningStyle = Automatic;
						TestTargetID = 2D02E47A1E0B4A5D006451C7;
					};
				};
			};
			buildConfigurationList = 83CBB9FA1A601CBA00E9B192 /* Build configuration list for PBXProject "Boilerplate" */;
			compatibilityVersion = "Xcode 3.2";
			developmentRegion = English;
			hasScannedForEncodings = 0;
			knownRegions = (
				English,
				en,
				Base,
			);
			mainGroup = 83CBB9F61A601CBA00E9B192;
			productRefGroup = 83CBBA001A601CBA00E9B192 /* Products */;
			projectDirPath = "";
			projectRoot = "";
			targets = (
				13B07F861A680F5B00A75B9A /* Boilerplate */,
				00E356ED1AD99517003FC87E /* BoilerplateTests */,
				2D02E47A1E0B4A5D006451C7 /* Boilerplate-tvOS */,
				2D02E48F1E0B4A5D006451C7 /* Boilerplate-tvOSTests */,
			);
		};
/* End PBXProject section */

/* Begin PBXResourcesBuildPhase section */
		00E356EC1AD99517003FC87E /* Resources */ = {
			isa = PBXResourcesBuildPhase;
			buildActionMask = 2147483647;
			files = (
			);
			runOnlyForDeploymentPostprocessing = 0;
		};
		13B07F8E1A680F5B00A75B9A /* Resources */ = {
			isa = PBXResourcesBuildPhase;
			buildActionMask = 2147483647;
			files = (
				13B07FBF1A68108700A75B9A /* Images.xcassets in Resources */,
				13B07FBD1A68108700A75B9A /* LaunchScreen.xib in Resources */,
				7A7A2F120C4E405DA05FFF1C /* Nunito-Black.ttf in Resources */,
				356F72CC153746C49FA11FDD /* Nunito-BlackItalic.ttf in Resources */,
				DDB4CCAA8EDF4719B43AD52B /* Nunito-Bold.ttf in Resources */,
				A421BD4339DB4E0C8D6D0650 /* Nunito-BoldItalic.ttf in Resources */,
				4834D2E64B4D4958B0140FAD /* Nunito-ExtraBold.ttf in Resources */,
				0FFEE54BCD1243C6985EFABF /* Nunito-ExtraBoldItalic.ttf in Resources */,
				6406A8263CBB461495F21401 /* Nunito-ExtraLight.ttf in Resources */,
				737679A08B924D5D9115E7B2 /* Nunito-ExtraLightItalic.ttf in Resources */,
				D0AB6050D5F6410EAAA9B621 /* Nunito-Italic.ttf in Resources */,
				1B5A5A49EF4B4DBD8039AFDE /* Nunito-Light.ttf in Resources */,
				9010D94459124ACE9AE765EF /* Nunito-LightItalic.ttf in Resources */,
				D3B3480B067C4DD3BDADF81D /* Nunito-Regular.ttf in Resources */,
				D0BDC56C75C14B6ABE782CE0 /* Nunito-SemiBold.ttf in Resources */,
				4C168A1DC5EB4116958DCB1C /* Nunito-SemiBoldItalic.ttf in Resources */,
				67ECF8D42A3846FD80CAD19B /* NunitoSans-Black.ttf in Resources */,
				1ADC223696854D918510E0D1 /* NunitoSans-BlackItalic.ttf in Resources */,
				9F7349C99C9F4B639440905C /* NunitoSans-Bold.ttf in Resources */,
				A5F49756D5D244AB95AEE325 /* NunitoSans-BoldItalic.ttf in Resources */,
				9C941C9E3D264DF299E4B10A /* NunitoSans-ExtraBold.ttf in Resources */,
				ED0660F9A2564ECA897AE720 /* NunitoSans-ExtraBoldItalic.ttf in Resources */,
				ECC3085AA66F4BD5A0B00CF6 /* NunitoSans-ExtraLight.ttf in Resources */,
				4F3A6F01C47848329F4D2FCC /* NunitoSans-ExtraLightItalic.ttf in Resources */,
				5E5A46D9EBCF4C4E9EFF9050 /* NunitoSans-Italic.ttf in Resources */,
				7FAD4723925645169CE00D63 /* NunitoSans-Light.ttf in Resources */,
				356E9197C01A47AF9F980DAF /* NunitoSans-LightItalic.ttf in Resources */,
				866FAAB6B02446C78BAAFCCB /* NunitoSans-Regular.ttf in Resources */,
				1E018B9781A344209185EA27 /* NunitoSans-SemiBold.ttf in Resources */,
				3A34B14A480B48EC8BF1F198 /* NunitoSans-SemiBoldItalic.ttf in Resources */,
				0A22A88F65014EA4922E7374 /* AntDesign.ttf in Resources */,
				C18D456C33C544B99D49F80B /* Entypo.ttf in Resources */,
				E4E3E2AFDE864ED8A689C528 /* EvilIcons.ttf in Resources */,
				95C2A1DA384D4131993AD3D6 /* Feather.ttf in Resources */,
				58D1E0CA0ADC4184ABB8A052 /* FontAwesome.ttf in Resources */,
				D98CED6259074C659DDCC40B /* FontAwesome5_Brands.ttf in Resources */,
				CF5502FA021842E0BF7D9D8B /* FontAwesome5_Regular.ttf in Resources */,
				D400F9F0D6734B108C157696 /* FontAwesome5_Solid.ttf in Resources */,
				BCC53088FDD644868FDB716A /* Fontisto.ttf in Resources */,
				583D60C40D754F088B84FEE5 /* Foundation.ttf in Resources */,
				754D0A97A76344BC9988A80A /* Ionicons.ttf in Resources */,
				345B99E277CE4FE5AD7BBD15 /* MaterialCommunityIcons.ttf in Resources */,
				8C5D9810608E467B9C697068 /* MaterialIcons.ttf in Resources */,
				DA6FD8793FB240BF8776B795 /* Octicons.ttf in Resources */,
				43ACD41F68F5479EA5D170C9 /* SimpleLineIcons.ttf in Resources */,
				2DFD701F18E54202ADFD5DE5 /* Zocial.ttf in Resources */,
			);
			runOnlyForDeploymentPostprocessing = 0;
		};
		2D02E4791E0B4A5D006451C7 /* Resources */ = {
			isa = PBXResourcesBuildPhase;
			buildActionMask = 2147483647;
			files = (
				2D02E4BD1E0B4A84006451C7 /* Images.xcassets in Resources */,
			);
			runOnlyForDeploymentPostprocessing = 0;
		};
		2D02E48E1E0B4A5D006451C7 /* Resources */ = {
			isa = PBXResourcesBuildPhase;
			buildActionMask = 2147483647;
			files = (
			);
			runOnlyForDeploymentPostprocessing = 0;
		};
/* End PBXResourcesBuildPhase section */

/* Begin PBXShellScriptBuildPhase section */
		00DD1BFF1BD5951E006B06BC /* Bundle React Native code and images */ = {
			isa = PBXShellScriptBuildPhase;
			buildActionMask = 2147483647;
			files = (
			);
			inputPaths = (
			);
			name = "Bundle React Native code and images";
			outputPaths = (
			);
			runOnlyForDeploymentPostprocessing = 0;
			shellPath = /bin/sh;
			shellScript = "export NODE_BINARY=node\n../node_modules/react-native/scripts/react-native-xcode.sh";
		};
		1486E41A1E3086C92FA56BC5 /* [CP] Check Pods Manifest.lock */ = {
			isa = PBXShellScriptBuildPhase;
			buildActionMask = 2147483647;
			files = (
			);
			inputFileListPaths = (
			);
			inputPaths = (
				"${PODS_PODFILE_DIR_PATH}/Podfile.lock",
				"${PODS_ROOT}/Manifest.lock",
			);
			name = "[CP] Check Pods Manifest.lock";
			outputFileListPaths = (
			);
			outputPaths = (
				"$(DERIVED_FILE_DIR)/Pods-Boilerplate-tvOSTests-checkManifestLockResult.txt",
			);
			runOnlyForDeploymentPostprocessing = 0;
			shellPath = /bin/sh;
			shellScript = "diff \"${PODS_PODFILE_DIR_PATH}/Podfile.lock\" \"${PODS_ROOT}/Manifest.lock\" > /dev/null\nif [ $? != 0 ] ; then\n    # print error to STDERR\n    echo \"error: The sandbox is not in sync with the Podfile.lock. Run 'pod install' or update your CocoaPods installation.\" >&2\n    exit 1\nfi\n# This output is used by Xcode 'outputs' to avoid re-running this script phase.\necho \"SUCCESS\" > \"${SCRIPT_OUTPUT_FILE_0}\"\n";
			showEnvVarsInLog = 0;
		};
		1876371A241F99EEA27D744C /* [CP] Check Pods Manifest.lock */ = {
			isa = PBXShellScriptBuildPhase;
			buildActionMask = 2147483647;
			files = (
			);
			inputFileListPaths = (
			);
			inputPaths = (
				"${PODS_PODFILE_DIR_PATH}/Podfile.lock",
				"${PODS_ROOT}/Manifest.lock",
			);
			name = "[CP] Check Pods Manifest.lock";
			outputFileListPaths = (
			);
			outputPaths = (
				"$(DERIVED_FILE_DIR)/Pods-Boilerplate-checkManifestLockResult.txt",
			);
			runOnlyForDeploymentPostprocessing = 0;
			shellPath = /bin/sh;
			shellScript = "diff \"${PODS_PODFILE_DIR_PATH}/Podfile.lock\" \"${PODS_ROOT}/Manifest.lock\" > /dev/null\nif [ $? != 0 ] ; then\n    # print error to STDERR\n    echo \"error: The sandbox is not in sync with the Podfile.lock. Run 'pod install' or update your CocoaPods installation.\" >&2\n    exit 1\nfi\n# This output is used by Xcode 'outputs' to avoid re-running this script phase.\necho \"SUCCESS\" > \"${SCRIPT_OUTPUT_FILE_0}\"\n";
			showEnvVarsInLog = 0;
		};
		2D02E4CB1E0B4B27006451C7 /* Bundle React Native Code And Images */ = {
			isa = PBXShellScriptBuildPhase;
			buildActionMask = 2147483647;
			files = (
			);
			inputPaths = (
			);
			name = "Bundle React Native Code And Images";
			outputPaths = (
			);
			runOnlyForDeploymentPostprocessing = 0;
			shellPath = /bin/sh;
			shellScript = "export NODE_BINARY=node\n../node_modules/react-native/scripts/react-native-xcode.sh";
		};
		9484506995FC29A4EE3D00D6 /* [CP] Check Pods Manifest.lock */ = {
			isa = PBXShellScriptBuildPhase;
			buildActionMask = 2147483647;
			files = (
			);
			inputFileListPaths = (
			);
			inputPaths = (
				"${PODS_PODFILE_DIR_PATH}/Podfile.lock",
				"${PODS_ROOT}/Manifest.lock",
			);
			name = "[CP] Check Pods Manifest.lock";
			outputFileListPaths = (
			);
			outputPaths = (
				"$(DERIVED_FILE_DIR)/Pods-BoilerplateTests-checkManifestLockResult.txt",
			);
			runOnlyForDeploymentPostprocessing = 0;
			shellPath = /bin/sh;
			shellScript = "diff \"${PODS_PODFILE_DIR_PATH}/Podfile.lock\" \"${PODS_ROOT}/Manifest.lock\" > /dev/null\nif [ $? != 0 ] ; then\n    # print error to STDERR\n    echo \"error: The sandbox is not in sync with the Podfile.lock. Run 'pod install' or update your CocoaPods installation.\" >&2\n    exit 1\nfi\n# This output is used by Xcode 'outputs' to avoid re-running this script phase.\necho \"SUCCESS\" > \"${SCRIPT_OUTPUT_FILE_0}\"\n";
			showEnvVarsInLog = 0;
		};
		E7187EBD4D89301711758D0B /* [CP] Check Pods Manifest.lock */ = {
			isa = PBXShellScriptBuildPhase;
			buildActionMask = 2147483647;
			files = (
			);
			inputFileListPaths = (
			);
			inputPaths = (
				"${PODS_PODFILE_DIR_PATH}/Podfile.lock",
				"${PODS_ROOT}/Manifest.lock",
			);
			name = "[CP] Check Pods Manifest.lock";
			outputFileListPaths = (
			);
			outputPaths = (
				"$(DERIVED_FILE_DIR)/Pods-Boilerplate-tvOS-checkManifestLockResult.txt",
			);
			runOnlyForDeploymentPostprocessing = 0;
			shellPath = /bin/sh;
			shellScript = "diff \"${PODS_PODFILE_DIR_PATH}/Podfile.lock\" \"${PODS_ROOT}/Manifest.lock\" > /dev/null\nif [ $? != 0 ] ; then\n    # print error to STDERR\n    echo \"error: The sandbox is not in sync with the Podfile.lock. Run 'pod install' or update your CocoaPods installation.\" >&2\n    exit 1\nfi\n# This output is used by Xcode 'outputs' to avoid re-running this script phase.\necho \"SUCCESS\" > \"${SCRIPT_OUTPUT_FILE_0}\"\n";
			showEnvVarsInLog = 0;
		};
/* End PBXShellScriptBuildPhase section */

/* Begin PBXSourcesBuildPhase section */
		00E356EA1AD99517003FC87E /* Sources */ = {
			isa = PBXSourcesBuildPhase;
			buildActionMask = 2147483647;
			files = (
				00E356F31AD99517003FC87E /* BoilerplateTests.m in Sources */,
			);
			runOnlyForDeploymentPostprocessing = 0;
		};
		13B07F871A680F5B00A75B9A /* Sources */ = {
			isa = PBXSourcesBuildPhase;
			buildActionMask = 2147483647;
			files = (
				13B07FBC1A68108700A75B9A /* AppDelegate.m in Sources */,
				13B07FC11A68108700A75B9A /* main.m in Sources */,
			);
			runOnlyForDeploymentPostprocessing = 0;
		};
		2D02E4771E0B4A5D006451C7 /* Sources */ = {
			isa = PBXSourcesBuildPhase;
			buildActionMask = 2147483647;
			files = (
				2D02E4BF1E0B4AB3006451C7 /* main.m in Sources */,
				2D02E4BC1E0B4A80006451C7 /* AppDelegate.m in Sources */,
			);
			runOnlyForDeploymentPostprocessing = 0;
		};
		2D02E48C1E0B4A5D006451C7 /* Sources */ = {
			isa = PBXSourcesBuildPhase;
			buildActionMask = 2147483647;
			files = (
				2DCD954D1E0B4F2C00145EB5 /* BoilerplateTests.m in Sources */,
			);
			runOnlyForDeploymentPostprocessing = 0;
		};
/* End PBXSourcesBuildPhase section */

/* Begin PBXTargetDependency section */
		00E356F51AD99517003FC87E /* PBXTargetDependency */ = {
			isa = PBXTargetDependency;
			target = 13B07F861A680F5B00A75B9A /* Boilerplate */;
			targetProxy = 00E356F41AD99517003FC87E /* PBXContainerItemProxy */;
		};
		2D02E4921E0B4A5D006451C7 /* PBXTargetDependency */ = {
			isa = PBXTargetDependency;
			target = 2D02E47A1E0B4A5D006451C7 /* Boilerplate-tvOS */;
			targetProxy = 2D02E4911E0B4A5D006451C7 /* PBXContainerItemProxy */;
		};
/* End PBXTargetDependency section */

/* Begin PBXVariantGroup section */
		13B07FB11A68108700A75B9A /* LaunchScreen.xib */ = {
			isa = PBXVariantGroup;
			children = (
				13B07FB21A68108700A75B9A /* Base */,
			);
			name = LaunchScreen.xib;
			path = Boilerplate;
			sourceTree = "<group>";
		};
/* End PBXVariantGroup section */

/* Begin XCBuildConfiguration section */
		00E356F61AD99517003FC87E /* Debug */ = {
			isa = XCBuildConfiguration;
			baseConfigurationReference = 764AD50AC6F939E0A1C08B00 /* Pods-BoilerplateTests.debug.xcconfig */;
			buildSettings = {
				BUNDLE_LOADER = "$(TEST_HOST)";
				GCC_PREPROCESSOR_DEFINITIONS = (
					"DEBUG=1",
					"$(inherited)",
				);
				HEADER_SEARCH_PATHS = (
					"$(inherited)",
					"$(SRCROOT)..\node_modules\neact-native-gesture-handlerios/**",
				);
				INFOPLIST_FILE = BoilerplateTests/Info.plist;
				IPHONEOS_DEPLOYMENT_TARGET = 9.0;
				LD_RUNPATH_SEARCH_PATHS = "$(inherited) @executable_path/Frameworks @loader_path/Frameworks";
				LIBRARY_SEARCH_PATHS = (
					"$(inherited)",
					"\"$(SRCROOT)/$(TARGET_NAME)\"",
					"\"$(SRCROOT)/$(TARGET_NAME)\"",
				);
				OTHER_LDFLAGS = (
					"-ObjC",
					"-lc++",
				);
				PRODUCT_BUNDLE_IDENTIFIER = "org.reactjs.native.example.$(PRODUCT_NAME:rfc1034identifier)";
				PRODUCT_NAME = "$(TARGET_NAME)";
				TEST_HOST = "$(BUILT_PRODUCTS_DIR)/Boilerplate.app/Boilerplate";
			};
			name = Debug;
		};
		00E356F71AD99517003FC87E /* Release */ = {
			isa = XCBuildConfiguration;
			baseConfigurationReference = 392317E8F372604E55971F70 /* Pods-BoilerplateTests.release.xcconfig */;
			buildSettings = {
				BUNDLE_LOADER = "$(TEST_HOST)";
				COPY_PHASE_STRIP = NO;
				HEADER_SEARCH_PATHS = (
					"$(inherited)",
					"$(SRCROOT)..\node_modules\neact-native-gesture-handlerios/**",
				);
				INFOPLIST_FILE = BoilerplateTests/Info.plist;
				IPHONEOS_DEPLOYMENT_TARGET = 9.0;
				LD_RUNPATH_SEARCH_PATHS = "$(inherited) @executable_path/Frameworks @loader_path/Frameworks";
				LIBRARY_SEARCH_PATHS = (
					"$(inherited)",
					"\"$(SRCROOT)/$(TARGET_NAME)\"",
					"\"$(SRCROOT)/$(TARGET_NAME)\"",
				);
				OTHER_LDFLAGS = (
					"-ObjC",
					"-lc++",
				);
				PRODUCT_BUNDLE_IDENTIFIER = "org.reactjs.native.example.$(PRODUCT_NAME:rfc1034identifier)";
				PRODUCT_NAME = "$(TARGET_NAME)";
				TEST_HOST = "$(BUILT_PRODUCTS_DIR)/Boilerplate.app/Boilerplate";
			};
			name = Release;
		};
		13B07F941A680F5B00A75B9A /* Debug */ = {
			isa = XCBuildConfiguration;
			baseConfigurationReference = B47D75E5D1913E2479AB2B8D /* Pods-Boilerplate.debug.xcconfig */;
			buildSettings = {
				ASSETCATALOG_COMPILER_APPICON_NAME = AppIcon;
				CURRENT_PROJECT_VERSION = 1;
				DEAD_CODE_STRIPPING = NO;
				HEADER_SEARCH_PATHS = (
					"$(inherited)",
					"$(SRCROOT)..\node_modules\neact-native-gesture-handlerios/**",
				);
				INFOPLIST_FILE = Boilerplate/Info.plist;
				LD_RUNPATH_SEARCH_PATHS = "$(inherited) @executable_path/Frameworks";
				OTHER_LDFLAGS = (
					"$(inherited)",
					"-ObjC",
					"-lc++",
				);
				PRODUCT_BUNDLE_IDENTIFIER = "org.reactjs.native.example.$(PRODUCT_NAME:rfc1034identifier)";
				PRODUCT_NAME = Boilerplate;
				VERSIONING_SYSTEM = "apple-generic";
			};
			name = Debug;
		};
		13B07F951A680F5B00A75B9A /* Release */ = {
			isa = XCBuildConfiguration;
			baseConfigurationReference = 75E936EB1A3002F6A9AB4156 /* Pods-Boilerplate.release.xcconfig */;
			buildSettings = {
				ASSETCATALOG_COMPILER_APPICON_NAME = AppIcon;
				CURRENT_PROJECT_VERSION = 1;
				HEADER_SEARCH_PATHS = (
					"$(inherited)",
					"$(SRCROOT)..\node_modules\neact-native-gesture-handlerios/**",
				);
				INFOPLIST_FILE = Boilerplate/Info.plist;
				LD_RUNPATH_SEARCH_PATHS = "$(inherited) @executable_path/Frameworks";
				OTHER_LDFLAGS = (
					"$(inherited)",
					"-ObjC",
					"-lc++",
				);
				PRODUCT_BUNDLE_IDENTIFIER = "org.reactjs.native.example.$(PRODUCT_NAME:rfc1034identifier)";
				PRODUCT_NAME = Boilerplate;
				VERSIONING_SYSTEM = "apple-generic";
			};
			name = Release;
		};
		2D02E4971E0B4A5E006451C7 /* Debug */ = {
			isa = XCBuildConfiguration;
			baseConfigurationReference = FB800E05AFB04A97491C501A /* Pods-Boilerplate-tvOS.debug.xcconfig */;
			buildSettings = {
				ASSETCATALOG_COMPILER_APPICON_NAME = "App Icon & Top Shelf Image";
				ASSETCATALOG_COMPILER_LAUNCHIMAGE_NAME = LaunchImage;
				CLANG_ANALYZER_NONNULL = YES;
				CLANG_WARN_DOCUMENTATION_COMMENTS = YES;
				CLANG_WARN_INFINITE_RECURSION = YES;
				CLANG_WARN_SUSPICIOUS_MOVE = YES;
				DEBUG_INFORMATION_FORMAT = dwarf;
				ENABLE_TESTABILITY = YES;
				GCC_NO_COMMON_BLOCKS = YES;
				HEADER_SEARCH_PATHS = (
					"$(inherited)",
					"$(SRCROOT)..\node_modules\neact-native-gesture-handlerios/**",
				);
				INFOPLIST_FILE = "Boilerplate-tvOS/Info.plist";
				LD_RUNPATH_SEARCH_PATHS = "$(inherited) @executable_path/Frameworks";
				LIBRARY_SEARCH_PATHS = (
					"$(inherited)",
					"\"$(SRCROOT)/$(TARGET_NAME)\"",
					"\"$(SRCROOT)/$(TARGET_NAME)\"",
				);
				OTHER_LDFLAGS = (
					"-ObjC",
					"-lc++",
				);
				PRODUCT_BUNDLE_IDENTIFIER = "com.facebook.REACT.Boilerplate-tvOS";
				PRODUCT_NAME = "$(TARGET_NAME)";
				SDKROOT = appletvos;
				TARGETED_DEVICE_FAMILY = 3;
				TVOS_DEPLOYMENT_TARGET = 9.2;
			};
			name = Debug;
		};
		2D02E4981E0B4A5E006451C7 /* Release */ = {
			isa = XCBuildConfiguration;
			baseConfigurationReference = 34E316EC11926A316EADC97C /* Pods-Boilerplate-tvOS.release.xcconfig */;
			buildSettings = {
				ASSETCATALOG_COMPILER_APPICON_NAME = "App Icon & Top Shelf Image";
				ASSETCATALOG_COMPILER_LAUNCHIMAGE_NAME = LaunchImage;
				CLANG_ANALYZER_NONNULL = YES;
				CLANG_WARN_DOCUMENTATION_COMMENTS = YES;
				CLANG_WARN_INFINITE_RECURSION = YES;
				CLANG_WARN_SUSPICIOUS_MOVE = YES;
				COPY_PHASE_STRIP = NO;
				DEBUG_INFORMATION_FORMAT = "dwarf-with-dsym";
				GCC_NO_COMMON_BLOCKS = YES;
				HEADER_SEARCH_PATHS = (
					"$(inherited)",
					"$(SRCROOT)..\node_modules\neact-native-gesture-handlerios/**",
				);
				INFOPLIST_FILE = "Boilerplate-tvOS/Info.plist";
				LD_RUNPATH_SEARCH_PATHS = "$(inherited) @executable_path/Frameworks";
				LIBRARY_SEARCH_PATHS = (
					"$(inherited)",
					"\"$(SRCROOT)/$(TARGET_NAME)\"",
					"\"$(SRCROOT)/$(TARGET_NAME)\"",
				);
				OTHER_LDFLAGS = (
					"-ObjC",
					"-lc++",
				);
				PRODUCT_BUNDLE_IDENTIFIER = "com.facebook.REACT.Boilerplate-tvOS";
				PRODUCT_NAME = "$(TARGET_NAME)";
				SDKROOT = appletvos;
				TARGETED_DEVICE_FAMILY = 3;
				TVOS_DEPLOYMENT_TARGET = 9.2;
			};
			name = Release;
		};
		2D02E4991E0B4A5E006451C7 /* Debug */ = {
			isa = XCBuildConfiguration;
			baseConfigurationReference = 5C3EFA04EABA7989E628AC64 /* Pods-Boilerplate-tvOSTests.debug.xcconfig */;
			buildSettings = {
				BUNDLE_LOADER = "$(TEST_HOST)";
				CLANG_ANALYZER_NONNULL = YES;
				CLANG_WARN_DOCUMENTATION_COMMENTS = YES;
				CLANG_WARN_INFINITE_RECURSION = YES;
				CLANG_WARN_SUSPICIOUS_MOVE = YES;
				DEBUG_INFORMATION_FORMAT = dwarf;
				ENABLE_TESTABILITY = YES;
				GCC_NO_COMMON_BLOCKS = YES;
				HEADER_SEARCH_PATHS = (
					"$(inherited)",
					"$(SRCROOT)..\node_modules\neact-native-gesture-handlerios/**",
				);
				INFOPLIST_FILE = "Boilerplate-tvOSTests/Info.plist";
				LD_RUNPATH_SEARCH_PATHS = "$(inherited) @executable_path/Frameworks @loader_path/Frameworks";
				LIBRARY_SEARCH_PATHS = (
					"$(inherited)",
					"\"$(SRCROOT)/$(TARGET_NAME)\"",
					"\"$(SRCROOT)/$(TARGET_NAME)\"",
				);
				OTHER_LDFLAGS = (
					"-ObjC",
					"-lc++",
				);
				PRODUCT_BUNDLE_IDENTIFIER = "com.facebook.REACT.Boilerplate-tvOSTests";
				PRODUCT_NAME = "$(TARGET_NAME)";
				SDKROOT = appletvos;
				TEST_HOST = "$(BUILT_PRODUCTS_DIR)/Boilerplate-tvOS.app/Boilerplate-tvOS";
				TVOS_DEPLOYMENT_TARGET = 10.1;
			};
			name = Debug;
		};
		2D02E49A1E0B4A5E006451C7 /* Release */ = {
			isa = XCBuildConfiguration;
			baseConfigurationReference = 0048B5962F042D541D140586 /* Pods-Boilerplate-tvOSTests.release.xcconfig */;
			buildSettings = {
				BUNDLE_LOADER = "$(TEST_HOST)";
				CLANG_ANALYZER_NONNULL = YES;
				CLANG_WARN_DOCUMENTATION_COMMENTS = YES;
				CLANG_WARN_INFINITE_RECURSION = YES;
				CLANG_WARN_SUSPICIOUS_MOVE = YES;
				COPY_PHASE_STRIP = NO;
				DEBUG_INFORMATION_FORMAT = "dwarf-with-dsym";
				GCC_NO_COMMON_BLOCKS = YES;
				HEADER_SEARCH_PATHS = (
					"$(inherited)",
					"$(SRCROOT)..\node_modules\neact-native-gesture-handlerios/**",
				);
				INFOPLIST_FILE = "Boilerplate-tvOSTests/Info.plist";
				LD_RUNPATH_SEARCH_PATHS = "$(inherited) @executable_path/Frameworks @loader_path/Frameworks";
				LIBRARY_SEARCH_PATHS = (
					"$(inherited)",
					"\"$(SRCROOT)/$(TARGET_NAME)\"",
					"\"$(SRCROOT)/$(TARGET_NAME)\"",
				);
				OTHER_LDFLAGS = (
					"-ObjC",
					"-lc++",
				);
				PRODUCT_BUNDLE_IDENTIFIER = "com.facebook.REACT.Boilerplate-tvOSTests";
				PRODUCT_NAME = "$(TARGET_NAME)";
				SDKROOT = appletvos;
				TEST_HOST = "$(BUILT_PRODUCTS_DIR)/Boilerplate-tvOS.app/Boilerplate-tvOS";
				TVOS_DEPLOYMENT_TARGET = 10.1;
			};
			name = Release;
		};
		83CBBA201A601CBA00E9B192 /* Debug */ = {
			isa = XCBuildConfiguration;
			buildSettings = {
				ALWAYS_SEARCH_USER_PATHS = NO;
				CLANG_CXX_LANGUAGE_STANDARD = "gnu++0x";
				CLANG_CXX_LIBRARY = "libc++";
				CLANG_ENABLE_MODULES = YES;
				CLANG_ENABLE_OBJC_ARC = YES;
				CLANG_WARN_BLOCK_CAPTURE_AUTORELEASING = YES;
				CLANG_WARN_BOOL_CONVERSION = YES;
				CLANG_WARN_COMMA = YES;
				CLANG_WARN_CONSTANT_CONVERSION = YES;
				CLANG_WARN_DEPRECATED_OBJC_IMPLEMENTATIONS = YES;
				CLANG_WARN_DIRECT_OBJC_ISA_USAGE = YES_ERROR;
				CLANG_WARN_EMPTY_BODY = YES;
				CLANG_WARN_ENUM_CONVERSION = YES;
				CLANG_WARN_INFINITE_RECURSION = YES;
				CLANG_WARN_INT_CONVERSION = YES;
				CLANG_WARN_NON_LITERAL_NULL_CONVERSION = YES;
				CLANG_WARN_OBJC_IMPLICIT_RETAIN_SELF = YES;
				CLANG_WARN_OBJC_LITERAL_CONVERSION = YES;
				CLANG_WARN_OBJC_ROOT_CLASS = YES_ERROR;
				CLANG_WARN_RANGE_LOOP_ANALYSIS = YES;
				CLANG_WARN_STRICT_PROTOTYPES = YES;
				CLANG_WARN_SUSPICIOUS_MOVE = YES;
				CLANG_WARN_UNREACHABLE_CODE = YES;
				CLANG_WARN__DUPLICATE_METHOD_MATCH = YES;
				"CODE_SIGN_IDENTITY[sdk=iphoneos*]" = "iPhone Developer";
				COPY_PHASE_STRIP = NO;
				ENABLE_STRICT_OBJC_MSGSEND = YES;
				ENABLE_TESTABILITY = YES;
				GCC_C_LANGUAGE_STANDARD = gnu99;
				GCC_DYNAMIC_NO_PIC = NO;
				GCC_NO_COMMON_BLOCKS = YES;
				GCC_OPTIMIZATION_LEVEL = 0;
				GCC_PREPROCESSOR_DEFINITIONS = (
					"DEBUG=1",
					"$(inherited)",
				);
				GCC_SYMBOLS_PRIVATE_EXTERN = NO;
				GCC_WARN_64_TO_32_BIT_CONVERSION = YES;
				GCC_WARN_ABOUT_RETURN_TYPE = YES_ERROR;
				GCC_WARN_UNDECLARED_SELECTOR = YES;
				GCC_WARN_UNINITIALIZED_AUTOS = YES_AGGRESSIVE;
				GCC_WARN_UNUSED_FUNCTION = YES;
				GCC_WARN_UNUSED_VARIABLE = YES;
				IPHONEOS_DEPLOYMENT_TARGET = 9.0;
				MTL_ENABLE_DEBUG_INFO = YES;
				ONLY_ACTIVE_ARCH = YES;
				SDKROOT = iphoneos;
			};
			name = Debug;
		};
		83CBBA211A601CBA00E9B192 /* Release */ = {
			isa = XCBuildConfiguration;
			buildSettings = {
				ALWAYS_SEARCH_USER_PATHS = NO;
				CLANG_CXX_LANGUAGE_STANDARD = "gnu++0x";
				CLANG_CXX_LIBRARY = "libc++";
				CLANG_ENABLE_MODULES = YES;
				CLANG_ENABLE_OBJC_ARC = YES;
				CLANG_WARN_BLOCK_CAPTURE_AUTORELEASING = YES;
				CLANG_WARN_BOOL_CONVERSION = YES;
				CLANG_WARN_COMMA = YES;
				CLANG_WARN_CONSTANT_CONVERSION = YES;
				CLANG_WARN_DEPRECATED_OBJC_IMPLEMENTATIONS = YES;
				CLANG_WARN_DIRECT_OBJC_ISA_USAGE = YES_ERROR;
				CLANG_WARN_EMPTY_BODY = YES;
				CLANG_WARN_ENUM_CONVERSION = YES;
				CLANG_WARN_INFINITE_RECURSION = YES;
				CLANG_WARN_INT_CONVERSION = YES;
				CLANG_WARN_NON_LITERAL_NULL_CONVERSION = YES;
				CLANG_WARN_OBJC_IMPLICIT_RETAIN_SELF = YES;
				CLANG_WARN_OBJC_LITERAL_CONVERSION = YES;
				CLANG_WARN_OBJC_ROOT_CLASS = YES_ERROR;
				CLANG_WARN_RANGE_LOOP_ANALYSIS = YES;
				CLANG_WARN_STRICT_PROTOTYPES = YES;
				CLANG_WARN_SUSPICIOUS_MOVE = YES;
				CLANG_WARN_UNREACHABLE_CODE = YES;
				CLANG_WARN__DUPLICATE_METHOD_MATCH = YES;
				"CODE_SIGN_IDENTITY[sdk=iphoneos*]" = "iPhone Developer";
				COPY_PHASE_STRIP = YES;
				ENABLE_NS_ASSERTIONS = NO;
				ENABLE_STRICT_OBJC_MSGSEND = YES;
				GCC_C_LANGUAGE_STANDARD = gnu99;
				GCC_NO_COMMON_BLOCKS = YES;
				GCC_WARN_64_TO_32_BIT_CONVERSION = YES;
				GCC_WARN_ABOUT_RETURN_TYPE = YES_ERROR;
				GCC_WARN_UNDECLARED_SELECTOR = YES;
				GCC_WARN_UNINITIALIZED_AUTOS = YES_AGGRESSIVE;
				GCC_WARN_UNUSED_FUNCTION = YES;
				GCC_WARN_UNUSED_VARIABLE = YES;
				IPHONEOS_DEPLOYMENT_TARGET = 9.0;
				MTL_ENABLE_DEBUG_INFO = NO;
				SDKROOT = iphoneos;
				VALIDATE_PRODUCT = YES;
			};
			name = Release;
		};
/* End XCBuildConfiguration section */

/* Begin XCConfigurationList section */
		00E357021AD99517003FC87E /* Build configuration list for PBXNativeTarget "BoilerplateTests" */ = {
			isa = XCConfigurationList;
			buildConfigurations = (
				00E356F61AD99517003FC87E /* Debug */,
				00E356F71AD99517003FC87E /* Release */,
			);
			defaultConfigurationIsVisible = 0;
			defaultConfigurationName = Release;
		};
		13B07F931A680F5B00A75B9A /* Build configuration list for PBXNativeTarget "Boilerplate" */ = {
			isa = XCConfigurationList;
			buildConfigurations = (
				13B07F941A680F5B00A75B9A /* Debug */,
				13B07F951A680F5B00A75B9A /* Release */,
			);
			defaultConfigurationIsVisible = 0;
			defaultConfigurationName = Release;
		};
		2D02E4BA1E0B4A5E006451C7 /* Build configuration list for PBXNativeTarget "Boilerplate-tvOS" */ = {
			isa = XCConfigurationList;
			buildConfigurations = (
				2D02E4971E0B4A5E006451C7 /* Debug */,
				2D02E4981E0B4A5E006451C7 /* Release */,
			);
			defaultConfigurationIsVisible = 0;
			defaultConfigurationName = Release;
		};
		2D02E4BB1E0B4A5E006451C7 /* Build configuration list for PBXNativeTarget "Boilerplate-tvOSTests" */ = {
			isa = XCConfigurationList;
			buildConfigurations = (
				2D02E4991E0B4A5E006451C7 /* Debug */,
				2D02E49A1E0B4A5E006451C7 /* Release */,
			);
			defaultConfigurationIsVisible = 0;
			defaultConfigurationName = Release;
		};
		83CBB9FA1A601CBA00E9B192 /* Build configuration list for PBXProject "Boilerplate" */ = {
			isa = XCConfigurationList;
			buildConfigurations = (
				83CBBA201A601CBA00E9B192 /* Debug */,
				83CBBA211A601CBA00E9B192 /* Release */,
			);
			defaultConfigurationIsVisible = 0;
			defaultConfigurationName = Release;
		};
/* End XCConfigurationList section */
	};
	rootObject = 83CBB9F71A601CBA00E9B192 /* Project object */;
}
